<Solution>
	<Folder Name="/MyBuddy.AppHost/">
		<Project Path="src/MyBuddy.AppHost/MyBuddy.AppHost.csproj" />
	</Folder>
	<Folder Name="/MyBuddy.Web/">
		<Project Path="src/MyBuddy.Web.API/MyBuddy.Web.API.csproj" />
	</Folder>
	<Folder Name="/MyBuddy.Wasm/">
		<Project Path="src/MyBuddy.Wasm.Components/MyBuddy.Wasm.Components.csproj" />
		<Project Path="src/MyBuddy.Wasm.Client/MyBuddy.Wasm.Client.csproj" />
	</Folder>
	<Folder Name="/Shared/" />

</Solution>